// !$*UTF8*$!
{
	archiveVersion = 1;
	classes = {
	};
	objectVersion = 55;
	objects = {

/* Begin PBXBuildFile section */
		9467C3AD282AE54600604E39 /* AfricaApp.swift in Sources */ = {isa = PBXBuildFile; fileRef = 9467C3AC282AE54600604E39 /* AfricaApp.swift */; };
		9467C3AF282AE54600604E39 /* ContentView.swift in Sources */ = {isa = PBXBuildFile; fileRef = 9467C3AE282AE54600604E39 /* ContentView.swift */; };
		9467C3B1282AE54B00604E39 /* Assets.xcassets in Resources */ = {isa = PBXBuildFile; fileRef = 9467C3B0282AE54B00604E39 /* Assets.xcassets */; };
		9467C3B4282AE54B00604E39 /* Preview Assets.xcassets in Resources */ = {isa = PBXBuildFile; fileRef = 9467C3B3282AE54B00604E39 /* Preview Assets.xcassets */; };
		9467C3C5282AE79400604E39 /* cheetah.mp4 in Resources */ = {isa = PBXBuildFile; fileRef = 9467C3BB282AE79000604E39 /* cheetah.mp4 */; };
		9467C3C6282AE79400604E39 /* elephant.mp4 in Resources */ = {isa = PBXBuildFile; fileRef = 9467C3BC282AE79000604E39 /* elephant.mp4 */; };
		9467C3C7282AE79400604E39 /* lion.mp4 in Resources */ = {isa = PBXBuildFile; fileRef = 9467C3BD282AE79100604E39 /* lion.mp4 */; };
		9467C3C8282AE79400604E39 /* ostrich.mp4 in Resources */ = {isa = PBXBuildFile; fileRef = 9467C3BE282AE79100604E39 /* ostrich.mp4 */; };
		9467C3C9282AE79400604E39 /* gorilla.mp4 in Resources */ = {isa = PBXBuildFile; fileRef = 9467C3BF282AE79200604E39 /* gorilla.mp4 */; };
		9467C3CA282AE79400604E39 /* zebra.mp4 in Resources */ = {isa = PBXBuildFile; fileRef = 9467C3C0282AE79200604E39 /* zebra.mp4 */; };
		9467C3CB282AE79400604E39 /* giraffe.mp4 in Resources */ = {isa = PBXBuildFile; fileRef = 9467C3C1282AE79300604E39 /* giraffe.mp4 */; };
		9467C3CC282AE79400604E39 /* rhino.mp4 in Resources */ = {isa = PBXBuildFile; fileRef = 9467C3C2282AE79300604E39 /* rhino.mp4 */; };
		9467C3CD282AE79400604E39 /* lioness.mp4 in Resources */ = {isa = PBXBuildFile; fileRef = 9467C3C3282AE79400604E39 /* lioness.mp4 */; };
		9467C3CE282AE79400604E39 /* hippo.mp4 in Resources */ = {isa = PBXBuildFile; fileRef = 9467C3C4282AE79400604E39 /* hippo.mp4 */; };
		9467C3D4282AE7D200604E39 /* locations.json in Resources */ = {isa = PBXBuildFile; fileRef = 9467C3D0282AE7D200604E39 /* locations.json */; };
		9467C3D5282AE7D200604E39 /* videos.json in Resources */ = {isa = PBXBuildFile; fileRef = 9467C3D1282AE7D200604E39 /* videos.json */; };
		9467C3D6282AE7D200604E39 /* animals.json in Resources */ = {isa = PBXBuildFile; fileRef = 9467C3D2282AE7D200604E39 /* animals.json */; };
		9467C3D7282AE7D200604E39 /* covers.json in Resources */ = {isa = PBXBuildFile; fileRef = 9467C3D3282AE7D200604E39 /* covers.json */; };
		9467C3DC282AEA1B00604E39 /* VideoListView.swift in Sources */ = {isa = PBXBuildFile; fileRef = 9467C3DB282AEA1B00604E39 /* VideoListView.swift */; };
		9467C3DE282AEA2C00604E39 /* MapView.swift in Sources */ = {isa = PBXBuildFile; fileRef = 9467C3DD282AEA2C00604E39 /* MapView.swift */; };
		9467C3E0282AEA3E00604E39 /* GalleryView.swift in Sources */ = {isa = PBXBuildFile; fileRef = 9467C3DF282AEA3E00604E39 /* GalleryView.swift */; };
		9467C3E2282AEA5000604E39 /* MainView.swift in Sources */ = {isa = PBXBuildFile; fileRef = 9467C3E1282AEA5000604E39 /* MainView.swift */; };
		9467C3E5282AECD700604E39 /* CoverImageView.swift in Sources */ = {isa = PBXBuildFile; fileRef = 9467C3E4282AECD700604E39 /* CoverImageView.swift */; };
		9467C3E8282AEE1600604E39 /* CoverImageModel.swift in Sources */ = {isa = PBXBuildFile; fileRef = 9467C3E7282AEE1600604E39 /* CoverImageModel.swift */; };
		9467C3EB282AEE9B00604E39 /* CodableBundleExtension.swift in Sources */ = {isa = PBXBuildFile; fileRef = 9467C3EA282AEE9B00604E39 /* CodableBundleExtension.swift */; };
/* End PBXBuildFile section */

/* Begin PBXFileReference section */
		9467C3A9282AE54600604E39 /* Africa.app */ = {isa = PBXFileReference; explicitFileType = wrapper.application; includeInIndex = 0; path = Africa.app; sourceTree = BUILT_PRODUCTS_DIR; };
		9467C3AC282AE54600604E39 /* AfricaApp.swift */ = {isa = PBXFileReference; lastKnownFileType = sourcecode.swift; path = AfricaApp.swift; sourceTree = "<group>"; };
		9467C3AE282AE54600604E39 /* ContentView.swift */ = {isa = PBXFileReference; lastKnownFileType = sourcecode.swift; path = ContentView.swift; sourceTree = "<group>"; };
		9467C3B0282AE54B00604E39 /* Assets.xcassets */ = {isa = PBXFileReference; lastKnownFileType = folder.assetcatalog; path = Assets.xcassets; sourceTree = "<group>"; };
		9467C3B3282AE54B00604E39 /* Preview Assets.xcassets */ = {isa = PBXFileReference; lastKnownFileType = folder.assetcatalog; path = "Preview Assets.xcassets"; sourceTree = "<group>"; };
		9467C3BB282AE79000604E39 /* cheetah.mp4 */ = {isa = PBXFileReference; lastKnownFileType = file; path = cheetah.mp4; sourceTree = "<group>"; };
		9467C3BC282AE79000604E39 /* elephant.mp4 */ = {isa = PBXFileReference; lastKnownFileType = file; path = elephant.mp4; sourceTree = "<group>"; };
		9467C3BD282AE79100604E39 /* lion.mp4 */ = {isa = PBXFileReference; lastKnownFileType = file; path = lion.mp4; sourceTree = "<group>"; };
		9467C3BE282AE79100604E39 /* ostrich.mp4 */ = {isa = PBXFileReference; lastKnownFileType = file; path = ostrich.mp4; sourceTree = "<group>"; };
		9467C3BF282AE79200604E39 /* gorilla.mp4 */ = {isa = PBXFileReference; lastKnownFileType = file; path = gorilla.mp4; sourceTree = "<group>"; };
		9467C3C0282AE79200604E39 /* zebra.mp4 */ = {isa = PBXFileReference; lastKnownFileType = file; path = zebra.mp4; sourceTree = "<group>"; };
		9467C3C1282AE79300604E39 /* giraffe.mp4 */ = {isa = PBXFileReference; lastKnownFileType = file; path = giraffe.mp4; sourceTree = "<group>"; };
		9467C3C2282AE79300604E39 /* rhino.mp4 */ = {isa = PBXFileReference; lastKnownFileType = file; path = rhino.mp4; sourceTree = "<group>"; };
		9467C3C3282AE79400604E39 /* lioness.mp4 */ = {isa = PBXFileReference; lastKnownFileType = file; path = lioness.mp4; sourceTree = "<group>"; };
		9467C3C4282AE79400604E39 /* hippo.mp4 */ = {isa = PBXFileReference; lastKnownFileType = file; path = hippo.mp4; sourceTree = "<group>"; };
		9467C3D0282AE7D200604E39 /* locations.json */ = {isa = PBXFileReference; fileEncoding = 4; lastKnownFileType = text.json; path = locations.json; sourceTree = "<group>"; };
		9467C3D1282AE7D200604E39 /* videos.json */ = {isa = PBXFileReference; fileEncoding = 4; lastKnownFileType = text.json; path = videos.json; sourceTree = "<group>"; };
		9467C3D2282AE7D200604E39 /* animals.json */ = {isa = PBXFileReference; fileEncoding = 4; lastKnownFileType = text.json; path = animals.json; sourceTree = "<group>"; };
		9467C3D3282AE7D200604E39 /* covers.json */ = {isa = PBXFileReference; fileEncoding = 4; lastKnownFileType = text.json; path = covers.json; sourceTree = "<group>"; };
		9467C3D8282AE92F00604E39 /* Info.plist */ = {isa = PBXFileReference; lastKnownFileType = text.plist; path = Info.plist; sourceTree = "<group>"; };
		9467C3DB282AEA1B00604E39 /* VideoListView.swift */ = {isa = PBXFileReference; lastKnownFileType = sourcecode.swift; path = VideoListView.swift; sourceTree = "<group>"; };
		9467C3DD282AEA2C00604E39 /* MapView.swift */ = {isa = PBXFileReference; lastKnownFileType = sourcecode.swift; path = MapView.swift; sourceTree = "<group>"; };
		9467C3DF282AEA3E00604E39 /* GalleryView.swift */ = {isa = PBXFileReference; lastKnownFileType = sourcecode.swift; path = GalleryView.swift; sourceTree = "<group>"; };
		9467C3E1282AEA5000604E39 /* MainView.swift */ = {isa = PBXFileReference; lastKnownFileType = sourcecode.swift; path = MainView.swift; sourceTree = "<group>"; };
		9467C3E4282AECD700604E39 /* CoverImageView.swift */ = {isa = PBXFileReference; lastKnownFileType = sourcecode.swift; path = CoverImageView.swift; sourceTree = "<group>"; };
		9467C3E7282AEE1600604E39 /* CoverImageModel.swift */ = {isa = PBXFileReference; lastKnownFileType = sourcecode.swift; path = CoverImageModel.swift; sourceTree = "<group>"; };
		9467C3EA282AEE9B00604E39 /* CodableBundleExtension.swift */ = {isa = PBXFileReference; lastKnownFileType = sourcecode.swift; path = CodableBundleExtension.swift; sourceTree = "<group>"; };
/* End PBXFileReference section */

/* Begin PBXFrameworksBuildPhase section */
		9467C3A6282AE54600604E39 /* Frameworks */ = {
			isa = PBXFrameworksBuildPhase;
			buildActionMask = 2147483647;
			files = (
			);
			runOnlyForDeploymentPostprocessing = 0;
		};
/* End PBXFrameworksBuildPhase section */

/* Begin PBXGroup section */
		9467C3A0282AE54600604E39 = {
			isa = PBXGroup;
			children = (
				9467C3AB282AE54600604E39 /* Africa */,
				9467C3AA282AE54600604E39 /* Products */,
			);
			sourceTree = "<group>";
		};
		9467C3AA282AE54600604E39 /* Products */ = {
			isa = PBXGroup;
			children = (
				9467C3A9282AE54600604E39 /* Africa.app */,
			);
			name = Products;
			sourceTree = "<group>";
		};
		9467C3AB282AE54600604E39 /* Africa */ = {
			isa = PBXGroup;
			children = (
				9467C3E9282AEE8D00604E39 /* Extension */,
				9467C3E6282AEE0500604E39 /* Model */,
				9467C3E3282AECC900604E39 /* View */,
				9467C3D8282AE92F00604E39 /* Info.plist */,
				9467C3CF282AE7B900604E39 /* Data */,
				9467C3BA282AE75900604E39 /* Video */,
				9467C3DA282AE9DB00604E39 /* App */,
				9467C3B0282AE54B00604E39 /* Assets.xcassets */,
				9467C3B2282AE54B00604E39 /* Preview Content */,
			);
			path = Africa;
			sourceTree = "<group>";
		};
		9467C3B2282AE54B00604E39 /* Preview Content */ = {
			isa = PBXGroup;
			children = (
				9467C3B3282AE54B00604E39 /* Preview Assets.xcassets */,
			);
			path = "Preview Content";
			sourceTree = "<group>";
		};
		9467C3BA282AE75900604E39 /* Video */ = {
			isa = PBXGroup;
			children = (
				9467C3BB282AE79000604E39 /* cheetah.mp4 */,
				9467C3BC282AE79000604E39 /* elephant.mp4 */,
				9467C3C1282AE79300604E39 /* giraffe.mp4 */,
				9467C3BF282AE79200604E39 /* gorilla.mp4 */,
				9467C3C4282AE79400604E39 /* hippo.mp4 */,
				9467C3BD282AE79100604E39 /* lion.mp4 */,
				9467C3C3282AE79400604E39 /* lioness.mp4 */,
				9467C3BE282AE79100604E39 /* ostrich.mp4 */,
				9467C3C2282AE79300604E39 /* rhino.mp4 */,
				9467C3C0282AE79200604E39 /* zebra.mp4 */,
			);
			path = Video;
			sourceTree = "<group>";
		};
		9467C3CF282AE7B900604E39 /* Data */ = {
			isa = PBXGroup;
			children = (
				9467C3D2282AE7D200604E39 /* animals.json */,
				9467C3D3282AE7D200604E39 /* covers.json */,
				9467C3D0282AE7D200604E39 /* locations.json */,
				9467C3D1282AE7D200604E39 /* videos.json */,
			);
			path = Data;
			sourceTree = "<group>";
		};
		9467C3DA282AE9DB00604E39 /* App */ = {
			isa = PBXGroup;
			children = (
				9467C3AC282AE54600604E39 /* AfricaApp.swift */,
				9467C3AE282AE54600604E39 /* ContentView.swift */,
				9467C3DB282AEA1B00604E39 /* VideoListView.swift */,
				9467C3DD282AEA2C00604E39 /* MapView.swift */,
				9467C3DF282AEA3E00604E39 /* GalleryView.swift */,
				9467C3E1282AEA5000604E39 /* MainView.swift */,
			);
			path = App;
			sourceTree = "<group>";
		};
		9467C3E3282AECC900604E39 /* View */ = {
			isa = PBXGroup;
			children = (
				9467C3E4282AECD700604E39 /* CoverImageView.swift */,
			);
			path = View;
			sourceTree = "<group>";
		};
		9467C3E6282AEE0500604E39 /* Model */ = {
			isa = PBXGroup;
			children = (
				9467C3E7282AEE1600604E39 /* CoverImageModel.swift */,
			);
			path = Model;
			sourceTree = "<group>";
		};
		9467C3E9282AEE8D00604E39 /* Extension */ = {
			isa = PBXGroup;
			children = (
				9467C3EA282AEE9B00604E39 /* CodableBundleExtension.swift */,
			);
			path = Extension;
			sourceTree = "<group>";
		};
/* End PBXGroup section */

/* Begin PBXNativeTarget section */
		9467C3A8282AE54600604E39 /* Africa */ = {
			isa = PBXNativeTarget;
			buildConfigurationList = 9467C3B7282AE54B00604E39 /* Build configuration list for PBXNativeTarget "Africa" */;
			buildPhases = (
				9467C3A5282AE54600604E39 /* Sources */,
				9467C3A6282AE54600604E39 /* Frameworks */,
				9467C3A7282AE54600604E39 /* Resources */,
			);
			buildRules = (
			);
			dependencies = (
			);
			name = Africa;
			productName = Africa;
			productReference = 9467C3A9282AE54600604E39 /* Africa.app */;
			productType = "com.apple.product-type.application";
		};
/* End PBXNativeTarget section */

/* Begin PBXProject section */
		9467C3A1282AE54600604E39 /* Project object */ = {
			isa = PBXProject;
			attributes = {
				BuildIndependentTargetsInParallel = 1;
				LastSwiftUpdateCheck = 1330;
				LastUpgradeCheck = 1330;
				TargetAttributes = {
					9467C3A8282AE54600604E39 = {
						CreatedOnToolsVersion = 13.3;
					};
				};
			};
			buildConfigurationList = 9467C3A4282AE54600604E39 /* Build configuration list for PBXProject "Africa" */;
			compatibilityVersion = "Xcode 13.0";
			developmentRegion = en;
			hasScannedForEncodings = 0;
			knownRegions = (
				en,
				Base,
			);
			mainGroup = 9467C3A0282AE54600604E39;
			productRefGroup = 9467C3AA282AE54600604E39 /* Products */;
			projectDirPath = "";
			projectRoot = "";
			targets = (
				9467C3A8282AE54600604E39 /* Africa */,
			);
		};
/* End PBXProject section */

/* Begin PBXResourcesBuildPhase section */
		9467C3A7282AE54600604E39 /* Resources */ = {
			isa = PBXResourcesBuildPhase;
			buildActionMask = 2147483647;
			files = (
				9467C3D6282AE7D200604E39 /* animals.json in Resources */,
				9467C3D4282AE7D200604E39 /* locations.json in Resources */,
				9467C3C8282AE79400604E39 /* ostrich.mp4 in Resources */,
				9467C3CD282AE79400604E39 /* lioness.mp4 in Resources */,
				9467C3D5282AE7D200604E39 /* videos.json in Resources */,
				9467C3D7282AE7D200604E39 /* covers.json in Resources */,
				9467C3C6282AE79400604E39 /* elephant.mp4 in Resources */,
				9467C3B4282AE54B00604E39 /* Preview Assets.xcassets in Resources */,
				9467C3CE282AE79400604E39 /* hippo.mp4 in Resources */,
				9467C3C9282AE79400604E39 /* gorilla.mp4 in Resources */,
				9467C3CA282AE79400604E39 /* zebra.mp4 in Resources */,
				9467C3B1282AE54B00604E39 /* Assets.xcassets in Resources */,
				9467C3C7282AE79400604E39 /* lion.mp4 in Resources */,
				9467C3C5282AE79400604E39 /* cheetah.mp4 in Resources */,
				9467C3CC282AE79400604E39 /* rhino.mp4 in Resources */,
				9467C3CB282AE79400604E39 /* giraffe.mp4 in Resources */,
			);
			runOnlyForDeploymentPostprocessing = 0;
		};
/* End PBXResourcesBuildPhase section */

/* Begin PBXSourcesBuildPhase section */
		9467C3A5282AE54600604E39 /* Sources */ = {
			isa = PBXSourcesBuildPhase;
			buildActionMask = 2147483647;
			files = (
				9467C3AF282AE54600604E39 /* ContentView.swift in Sources */,
				9467C3E2282AEA5000604E39 /* MainView.swift in Sources */,
				9467C3E5282AECD700604E39 /* CoverImageView.swift in Sources */,
				9467C3E8282AEE1600604E39 /* CoverImageModel.swift in Sources */,
				9467C3DE282AEA2C00604E39 /* MapView.swift in Sources */,
				9467C3AD282AE54600604E39 /* AfricaApp.swift in Sources */,
				9467C3DC282AEA1B00604E39 /* VideoListView.swift in Sources */,
				9467C3E0282AEA3E00604E39 /* GalleryView.swift in Sources */,
				9467C3EB282AEE9B00604E39 /* CodableBundleExtension.swift in Sources */,
			);
			runOnlyForDeploymentPostprocessing = 0;
		};
/* End PBXSourcesBuildPhase section */

/* Begin XCBuildConfiguration section */
		9467C3B5282AE54B00604E39 /* Debug */ = {
			isa = XCBuildConfiguration;
			buildSettings = {
				ALWAYS_SEARCH_USER_PATHS = NO;
				CLANG_ANALYZER_NONNULL = YES;
				CLANG_ANALYZER_NUMBER_OBJECT_CONVERSION = YES_AGGRESSIVE;
				CLANG_CXX_LANGUAGE_STANDARD = "gnu++17";
				CLANG_ENABLE_MODULES = YES;
				CLANG_ENABLE_OBJC_ARC = YES;
				CLANG_ENABLE_OBJC_WEAK = YES;
				CLANG_WARN_BLOCK_CAPTURE_AUTORELEASING = YES;
				CLANG_WARN_BOOL_CONVERSION = YES;
				CLANG_WARN_COMMA = YES;
				CLANG_WARN_CONSTANT_CONVERSION = YES;
				CLANG_WARN_DEPRECATED_OBJC_IMPLEMENTATIONS = YES;
				CLANG_WARN_DIRECT_OBJC_ISA_USAGE = YES_ERROR;
				CLANG_WARN_DOCUMENTATION_COMMENTS = YES;
				CLANG_WARN_EMPTY_BODY = YES;
				CLANG_WARN_ENUM_CONVERSION = YES;
				CLANG_WARN_INFINITE_RECURSION = YES;
				CLANG_WARN_INT_CONVERSION = YES;
				CLANG_WARN_NON_LITERAL_NULL_CONVERSION = YES;
				CLANG_WARN_OBJC_IMPLICIT_RETAIN_SELF = YES;
				CLANG_WARN_OBJC_LITERAL_CONVERSION = YES;
				CLANG_WARN_OBJC_ROOT_CLASS = YES_ERROR;
				CLANG_WARN_QUOTED_INCLUDE_IN_FRAMEWORK_HEADER = YES;
				CLANG_WARN_RANGE_LOOP_ANALYSIS = YES;
				CLANG_WARN_STRICT_PROTOTYPES = YES;
				CLANG_WARN_SUSPICIOUS_MOVE = YES;
				CLANG_WARN_UNGUARDED_AVAILABILITY = YES_AGGRESSIVE;
				CLANG_WARN_UNREACHABLE_CODE = YES;
				CLANG_WARN__DUPLICATE_METHOD_MATCH = YES;
				COPY_PHASE_STRIP = NO;
				DEBUG_INFORMATION_FORMAT = dwarf;
				ENABLE_STRICT_OBJC_MSGSEND = YES;
				ENABLE_TESTABILITY = YES;
				GCC_C_LANGUAGE_STANDARD = gnu11;
				GCC_DYNAMIC_NO_PIC = NO;
				GCC_NO_COMMON_BLOCKS = YES;
				GCC_OPTIMIZATION_LEVEL = 0;
				GCC_PREPROCESSOR_DEFINITIONS = (
					"DEBUG=1",
					"$(inherited)",
				);
				GCC_WARN_64_TO_32_BIT_CONVERSION = YES;
				GCC_WARN_ABOUT_RETURN_TYPE = YES_ERROR;
				GCC_WARN_UNDECLARED_SELECTOR = YES;
				GCC_WARN_UNINITIALIZED_AUTOS = YES_AGGRESSIVE;
				GCC_WARN_UNUSED_FUNCTION = YES;
				GCC_WARN_UNUSED_VARIABLE = YES;
				IPHONEOS_DEPLOYMENT_TARGET = 15.4;
				MTL_ENABLE_DEBUG_INFO = INCLUDE_SOURCE;
				MTL_FAST_MATH = YES;
				ONLY_ACTIVE_ARCH = YES;
				SDKROOT = iphoneos;
				SWIFT_ACTIVE_COMPILATION_CONDITIONS = DEBUG;
				SWIFT_OPTIMIZATION_LEVEL = "-Onone";
			};
			name = Debug;
		};
		9467C3B6282AE54B00604E39 /* Release */ = {
			isa = XCBuildConfiguration;
			buildSettings = {
				ALWAYS_SEARCH_USER_PATHS = NO;
				CLANG_ANALYZER_NONNULL = YES;
				CLANG_ANALYZER_NUMBER_OBJECT_CONVERSION = YES_AGGRESSIVE;
				CLANG_CXX_LANGUAGE_STANDARD = "gnu++17";
				CLANG_ENABLE_MODULES = YES;
				CLANG_ENABLE_OBJC_ARC = YES;
				CLANG_ENABLE_OBJC_WEAK = YES;
				CLANG_WARN_BLOCK_CAPTURE_AUTORELEASING = YES;
				CLANG_WARN_BOOL_CONVERSION = YES;
				CLANG_WARN_COMMA = YES;
				CLANG_WARN_CONSTANT_CONVERSION = YES;
				CLANG_WARN_DEPRECATED_OBJC_IMPLEMENTATIONS = YES;
				CLANG_WARN_DIRECT_OBJC_ISA_USAGE = YES_ERROR;
				CLANG_WARN_DOCUMENTATION_COMMENTS = YES;
				CLANG_WARN_EMPTY_BODY = YES;
				CLANG_WARN_ENUM_CONVERSION = YES;
				CLANG_WARN_INFINITE_RECURSION = YES;
				CLANG_WARN_INT_CONVERSION = YES;
				CLANG_WARN_NON_LITERAL_NULL_CONVERSION = YES;
				CLANG_WARN_OBJC_IMPLICIT_RETAIN_SELF = YES;
				CLANG_WARN_OBJC_LITERAL_CONVERSION = YES;
				CLANG_WARN_OBJC_ROOT_CLASS = YES_ERROR;
				CLANG_WARN_QUOTED_INCLUDE_IN_FRAMEWORK_HEADER = YES;
				CLANG_WARN_RANGE_LOOP_ANALYSIS = YES;
				CLANG_WARN_STRICT_PROTOTYPES = YES;
				CLANG_WARN_SUSPICIOUS_MOVE = YES;
				CLANG_WARN_UNGUARDED_AVAILABILITY = YES_AGGRESSIVE;
				CLANG_WARN_UNREACHABLE_CODE = YES;
				CLANG_WARN__DUPLICATE_METHOD_MATCH = YES;
				COPY_PHASE_STRIP = NO;
				DEBUG_INFORMATION_FORMAT = "dwarf-with-dsym";
				ENABLE_NS_ASSERTIONS = NO;
				ENABLE_STRICT_OBJC_MSGSEND = YES;
				GCC_C_LANGUAGE_STANDARD = gnu11;
				GCC_NO_COMMON_BLOCKS = YES;
				GCC_WARN_64_TO_32_BIT_CONVERSION = YES;
				GCC_WARN_ABOUT_RETURN_TYPE = YES_ERROR;
				GCC_WARN_UNDECLARED_SELECTOR = YES;
				GCC_WARN_UNINITIALIZED_AUTOS = YES_AGGRESSIVE;
				GCC_WARN_UNUSED_FUNCTION = YES;
				GCC_WARN_UNUSED_VARIABLE = YES;
				IPHONEOS_DEPLOYMENT_TARGET = 15.4;
				MTL_ENABLE_DEBUG_INFO = NO;
				MTL_FAST_MATH = YES;
				SDKROOT = iphoneos;
				SWIFT_COMPILATION_MODE = wholemodule;
				SWIFT_OPTIMIZATION_LEVEL = "-O";
				VALIDATE_PRODUCT = YES;
			};
			name = Release;
		};
		9467C3B8282AE54B00604E39 /* Debug */ = {
			isa = XCBuildConfiguration;
			buildSettings = {
				ASSETCATALOG_COMPILER_APPICON_NAME = AppIcon;
				ASSETCATALOG_COMPILER_GLOBAL_ACCENT_COLOR_NAME = AccentColor;
				CODE_SIGN_STYLE = Automatic;
				CURRENT_PROJECT_VERSION = 1;
				DEVELOPMENT_ASSET_PATHS = "\"Africa/Preview Content\"";
				ENABLE_PREVIEWS = YES;
				GENERATE_INFOPLIST_FILE = YES;
				INFOPLIST_FILE = Africa/Info.plist;
				INFOPLIST_KEY_UIApplicationSceneManifest_Generation = YES;
				INFOPLIST_KEY_UIApplicationSupportsIndirectInputEvents = YES;
				INFOPLIST_KEY_UISupportedInterfaceOrientations_iPad = "UIInterfaceOrientationPortrait UIInterfaceOrientationPortraitUpsideDown UIInterfaceOrientationLandscapeLeft UIInterfaceOrientationLandscapeRight";
				INFOPLIST_KEY_UISupportedInterfaceOrientations_iPhone = "UIInterfaceOrientationPortrait UIInterfaceOrientationLandscapeLeft UIInterfaceOrientationLandscapeRight";
				INFOPLIST_KEY_UIUserInterfaceStyle = Dark;
				LD_RUNPATH_SEARCH_PATHS = (
					"$(inherited)",
					"@executable_path/Frameworks",
				);
				MARKETING_VERSION = 1.0;
				PRODUCT_BUNDLE_IDENTIFIER = com.lucasnewlands.Africa;
				PRODUCT_NAME = "$(TARGET_NAME)";
				SWIFT_EMIT_LOC_STRINGS = YES;
				SWIFT_VERSION = 5.0;
				TARGETED_DEVICE_FAMILY = "1,2";
			};
			name = Debug;
		};
		9467C3B9282AE54B00604E39 /* Release */ = {
			isa = XCBuildConfiguration;
			buildSettings = {
				ASSETCATALOG_COMPILER_APPICON_NAME = AppIcon;
				ASSETCATALOG_COMPILER_GLOBAL_ACCENT_COLOR_NAME = AccentColor;
				CODE_SIGN_STYLE = Automatic;
				CURRENT_PROJECT_VERSION = 1;
				DEVELOPMENT_ASSET_PATHS = "\"Africa/Preview Content\"";
				ENABLE_PREVIEWS = YES;
				GENERATE_INFOPLIST_FILE = YES;
				INFOPLIST_FILE = Africa/Info.plist;
				INFOPLIST_KEY_UIApplicationSceneManifest_Generation = YES;
				INFOPLIST_KEY_UIApplicationSupportsIndirectInputEvents = YES;
				INFOPLIST_KEY_UISupportedInterfaceOrientations_iPad = "UIInterfaceOrientationPortrait UIInterfaceOrientationPortraitUpsideDown UIInterfaceOrientationLandscapeLeft UIInterfaceOrientationLandscapeRight";
				INFOPLIST_KEY_UISupportedInterfaceOrientations_iPhone = "UIInterfaceOrientationPortrait UIInterfaceOrientationLandscapeLeft UIInterfaceOrientationLandscapeRight";
				INFOPLIST_KEY_UIUserInterfaceStyle = Dark;
				LD_RUNPATH_SEARCH_PATHS = (
					"$(inherited)",
					"@executable_path/Frameworks",
				);
				MARKETING_VERSION = 1.0;
				PRODUCT_BUNDLE_IDENTIFIER = com.lucasnewlands.Africa;
				PRODUCT_NAME = "$(TARGET_NAME)";
				SWIFT_EMIT_LOC_STRINGS = YES;
				SWIFT_VERSION = 5.0;
				TARGETED_DEVICE_FAMILY = "1,2";
			};
			name = Release;
		};
/* End XCBuildConfiguration section */

/* Begin XCConfigurationList section */
		9467C3A4282AE54600604E39 /* Build configuration list for PBXProject "Africa" */ = {
			isa = XCConfigurationList;
			buildConfigurations = (
				9467C3B5282AE54B00604E39 /* Debug */,
				9467C3B6282AE54B00604E39 /* Release */,
			);
			defaultConfigurationIsVisible = 0;
			defaultConfigurationName = Release;
		};
		9467C3B7282AE54B00604E39 /* Build configuration list for PBXNativeTarget "Africa" */ = {
			isa = XCConfigurationList;
			buildConfigurations = (
				9467C3B8282AE54B00604E39 /* Debug */,
				9467C3B9282AE54B00604E39 /* Release */,
			);
			defaultConfigurationIsVisible = 0;
			defaultConfigurationName = Release;
		};
/* End XCConfigurationList section */
	};
	rootObject = 9467C3A1282AE54600604E39 /* Project object */;
}
